
Microsoft Visual Studio Solution File, Format Version 12.00
# Visual Studio Version 17
VisualStudioVersion = 17.5.002.0
MinimumVisualStudioVersion = 10.0.40219.1
Project("{9A19103F-16F7-4668-BE54-9A1E7A4F7556}") = "flight", "flight.csproj", "{1351B8C5-AD7C-4FAE-979A-E5477D1F3B9C}"
EndProject
Global
	GlobalSection(SolutionConfigurationPlatforms) = preSolution
		Debug|Any CPU = Debug|Any CPU
		Release|Any CPU = Release|Any CPU
	EndGlobalSection
	GlobalSection(ProjectConfigurationPlatforms) = postSolution
		{1351B8C5-AD7C-4FAE-979A-E5477D1F3B9C}.Debug|Any CPU.ActiveCfg = Debug|Any CPU
		{1351B8C5-AD7C-4FAE-979A-E5477D1F3B9C}.Debug|Any CPU.Build.0 = Debug|Any CPU
		{1351B8C5-AD7C-4FAE-979A-E5477D1F3B9C}.Release|Any CPU.ActiveCfg = Release|Any CPU
		{1351B8C5-AD7C-4FAE-979A-E5477D1F3B9C}.Release|Any CPU.Build.0 = Release|Any CPU
	EndGlobalSection
	GlobalSection(SolutionProperties) = preSolution
		HideSolutionNode = FALSE
	EndGlobalSection
	GlobalSection(ExtensibilityGlobals) = postSolution
		SolutionGuid = {EF9DF003-5D5E-4B99-A6F5-ECAB86BE97BB}
	EndGlobalSection
EndGlobal
